
Microsoft Visual Studio Solution File, Format Version 12.00
# Visual Studio Version 17
VisualStudioVersion = 17.5.002.0
MinimumVisualStudioVersion = 10.0.40219.1
Project("{9A19103F-16F7-4668-BE54-9A1E7A4F7556}") = "employee-register-system", "employee-register-system.csproj", "{37AF7CD6-CC8E-48AD-BF0E-ABFFDDD00E22}"
EndProject
Global
	GlobalSection(SolutionConfigurationPlatforms) = preSolution
		Debug|Any CPU = Debug|Any CPU
		Release|Any CPU = Release|Any CPU
	EndGlobalSection
	GlobalSection(ProjectConfigurationPlatforms) = postSolution
		{37AF7CD6-CC8E-48AD-BF0E-ABFFDDD00E22}.Debug|Any CPU.ActiveCfg = Debug|Any CPU
		{37AF7CD6-CC8E-48AD-BF0E-ABFFDDD00E22}.Debug|Any CPU.Build.0 = Debug|Any CPU
		{37AF7CD6-CC8E-48AD-BF0E-ABFFDDD00E22}.Release|Any CPU.ActiveCfg = Release|Any CPU
		{37AF7CD6-CC8E-48AD-BF0E-ABFFDDD00E22}.Release|Any CPU.Build.0 = Release|Any CPU
	EndGlobalSection
	GlobalSection(SolutionProperties) = preSolution
		HideSolutionNode = FALSE
	EndGlobalSection
	GlobalSection(ExtensibilityGlobals) = postSolution
		SolutionGuid = {1D7A01AF-18BA-4744-A5BD-3F554DCE972D}
	EndGlobalSection
EndGlobal
